// !$*UTF8*$!
{
	archiveVersion = 1;
	classes = {
	};
	objectVersion = 46;
	objects = {

/* Begin PBXAggregateTarget section */
		0844C5E31AD44B1D00E74C41 /* DitoSDKFramework */ = {
			isa = PBXAggregateTarget;
			buildConfigurationList = 0844C5E41AD44B1D00E74C41 /* Build configuration list for PBXAggregateTarget "DitoSDKFramework" */;
			buildPhases = (
				0844C5E71AD44B2000E74C41 /* Build Framework */,
			);
			dependencies = (
			);
			name = DitoSDKFramework;
			productName = DitoSDKFramework;
		};
/* End PBXAggregateTarget section */

/* Begin PBXBuildFile section */
		08190E6F1AD555FF00C617A8 /* DitoEnums.h in Headers */ = {isa = PBXBuildFile; fileRef = 08190E6D1AD555FF00C617A8 /* DitoEnums.h */; settings = {ATTRIBUTES = (Public, ); }; };
		089769E71ACD8856006650B8 /* DitoAccount.h in Headers */ = {isa = PBXBuildFile; fileRef = 089769E51ACD8856006650B8 /* DitoAccount.h */; settings = {ATTRIBUTES = (Public, ); }; };
		089769E81ACD8856006650B8 /* DitoAccount.m in Sources */ = {isa = PBXBuildFile; fileRef = 089769E61ACD8856006650B8 /* DitoAccount.m */; };
		089769EE1AD2C5E4006650B8 /* DitoReachability.h in Headers */ = {isa = PBXBuildFile; fileRef = 089769EC1AD2C5E4006650B8 /* DitoReachability.h */; settings = {ATTRIBUTES = (Private, ); }; };
		089769EF1AD2C5E4006650B8 /* DitoReachability.m in Sources */ = {isa = PBXBuildFile; fileRef = 089769ED1AD2C5E4006650B8 /* DitoReachability.m */; };
		089FE7371ACB6FE400974EAA /* DitoCredentials.h in Headers */ = {isa = PBXBuildFile; fileRef = 089FE7351ACB6FE400974EAA /* DitoCredentials.h */; settings = {ATTRIBUTES = (Public, ); }; };
		089FE7381ACB6FE400974EAA /* DitoCredentials.m in Sources */ = {isa = PBXBuildFile; fileRef = 089FE7361ACB6FE400974EAA /* DitoCredentials.m */; };
		089FE73B1ACB762500974EAA /* DitoConstants.h in Headers */ = {isa = PBXBuildFile; fileRef = 089FE7391ACB762500974EAA /* DitoConstants.h */; settings = {ATTRIBUTES = (Private, ); }; };
		089FE73F1ACB768400974EAA /* DitoUtils.h in Headers */ = {isa = PBXBuildFile; fileRef = 089FE73D1ACB768400974EAA /* DitoUtils.h */; settings = {ATTRIBUTES = (Private, ); }; };
		089FE7401ACB768400974EAA /* DitoUtils.m in Sources */ = {isa = PBXBuildFile; fileRef = 089FE73E1ACB768400974EAA /* DitoUtils.m */; };
		089FE7421ACB775F00974EAA /* libcommonCrypto.dylib in Frameworks */ = {isa = PBXBuildFile; fileRef = 089FE7411ACB775F00974EAA /* libcommonCrypto.dylib */; };
		08D7B8151ACB1AA300E7EEEF /* DitoAPI.m in Sources */ = {isa = PBXBuildFile; fileRef = 08D7B8141ACB1AA300E7EEEF /* DitoAPI.m */; };
		08D7B8171ACB1AFB00E7EEEF /* DitoAPI.h in Headers */ = {isa = PBXBuildFile; fileRef = 08D7B8131ACB1AA300E7EEEF /* DitoAPI.h */; settings = {ATTRIBUTES = (Public, ); }; };
/* End PBXBuildFile section */

/* Begin PBXFileReference section */
		08190E6D1AD555FF00C617A8 /* DitoEnums.h */ = {isa = PBXFileReference; fileEncoding = 4; lastKnownFileType = sourcecode.c.h; path = DitoEnums.h; sourceTree = "<group>"; };
		089769E51ACD8856006650B8 /* DitoAccount.h */ = {isa = PBXFileReference; fileEncoding = 4; lastKnownFileType = sourcecode.c.h; path = DitoAccount.h; sourceTree = "<group>"; };
		089769E61ACD8856006650B8 /* DitoAccount.m */ = {isa = PBXFileReference; fileEncoding = 4; lastKnownFileType = sourcecode.c.objc; path = DitoAccount.m; sourceTree = "<group>"; };
		089769EC1AD2C5E4006650B8 /* DitoReachability.h */ = {isa = PBXFileReference; fileEncoding = 4; lastKnownFileType = sourcecode.c.h; path = DitoReachability.h; sourceTree = "<group>"; };
		089769ED1AD2C5E4006650B8 /* DitoReachability.m */ = {isa = PBXFileReference; fileEncoding = 4; lastKnownFileType = sourcecode.c.objc; path = DitoReachability.m; sourceTree = "<group>"; };
		089FE7351ACB6FE400974EAA /* DitoCredentials.h */ = {isa = PBXFileReference; fileEncoding = 4; lastKnownFileType = sourcecode.c.h; path = DitoCredentials.h; sourceTree = "<group>"; };
		089FE7361ACB6FE400974EAA /* DitoCredentials.m */ = {isa = PBXFileReference; fileEncoding = 4; lastKnownFileType = sourcecode.c.objc; path = DitoCredentials.m; sourceTree = "<group>"; };
		089FE7391ACB762500974EAA /* DitoConstants.h */ = {isa = PBXFileReference; fileEncoding = 4; lastKnownFileType = sourcecode.c.h; path = DitoConstants.h; sourceTree = "<group>"; };
		089FE73D1ACB768400974EAA /* DitoUtils.h */ = {isa = PBXFileReference; fileEncoding = 4; lastKnownFileType = sourcecode.c.h; path = DitoUtils.h; sourceTree = "<group>"; };
		089FE73E1ACB768400974EAA /* DitoUtils.m */ = {isa = PBXFileReference; fileEncoding = 4; lastKnownFileType = sourcecode.c.objc; path = DitoUtils.m; sourceTree = "<group>"; };
		089FE7411ACB775F00974EAA /* libcommonCrypto.dylib */ = {isa = PBXFileReference; lastKnownFileType = "compiled.mach-o.dylib"; name = libcommonCrypto.dylib; path = Platforms/iPhoneOS.platform/Developer/SDKs/iPhoneOS8.2.sdk/usr/lib/system/libcommonCrypto.dylib; sourceTree = DEVELOPER_DIR; };
		08D7B80B1ACB19F100E7EEEF /* DitoSDK.framework */ = {isa = PBXFileReference; explicitFileType = wrapper.cfbundle; includeInIndex = 0; path = DitoSDK.framework; sourceTree = BUILT_PRODUCTS_DIR; };
		08D7B80F1ACB19F100E7EEEF /* Info.plist */ = {isa = PBXFileReference; lastKnownFileType = text.plist.xml; path = Info.plist; sourceTree = "<group>"; };
		08D7B8131ACB1AA300E7EEEF /* DitoAPI.h */ = {isa = PBXFileReference; fileEncoding = 4; lastKnownFileType = sourcecode.c.h; path = DitoAPI.h; sourceTree = "<group>"; };
		08D7B8141ACB1AA300E7EEEF /* DitoAPI.m */ = {isa = PBXFileReference; fileEncoding = 4; lastKnownFileType = sourcecode.c.objc; path = DitoAPI.m; sourceTree = "<group>"; };
/* End PBXFileReference section */

/* Begin PBXFrameworksBuildPhase section */
		08D7B8081ACB19F100E7EEEF /* Frameworks */ = {
			isa = PBXFrameworksBuildPhase;
			buildActionMask = 2147483647;
			files = (
				089FE7421ACB775F00974EAA /* libcommonCrypto.dylib in Frameworks */,
			);
			runOnlyForDeploymentPostprocessing = 0;
		};
/* End PBXFrameworksBuildPhase section */

/* Begin PBXGroup section */
		0860DD5D1ACC73C5002D29BA /* Frameworks */ = {
			isa = PBXGroup;
			children = (
				089FE7411ACB775F00974EAA /* libcommonCrypto.dylib */,
			);
			name = Frameworks;
			sourceTree = "<group>";
		};
		08D7B8001ACB19B000E7EEEF = {
			isa = PBXGroup;
			children = (
				0860DD5D1ACC73C5002D29BA /* Frameworks */,
				08D7B80D1ACB19F100E7EEEF /* DitoSDK */,
				08D7B80C1ACB19F100E7EEEF /* Products */,
			);
			sourceTree = "<group>";
		};
		08D7B80C1ACB19F100E7EEEF /* Products */ = {
			isa = PBXGroup;
			children = (
				08D7B80B1ACB19F100E7EEEF /* DitoSDK.framework */,
			);
			name = Products;
			sourceTree = "<group>";
		};
		08D7B80D1ACB19F100E7EEEF /* DitoSDK */ = {
			isa = PBXGroup;
			children = (
				08D7B80E1ACB19F100E7EEEF /* Supporting Files */,
				08D7B8131ACB1AA300E7EEEF /* DitoAPI.h */,
				08D7B8141ACB1AA300E7EEEF /* DitoAPI.m */,
				089FE7351ACB6FE400974EAA /* DitoCredentials.h */,
				089FE7361ACB6FE400974EAA /* DitoCredentials.m */,
				089FE7391ACB762500974EAA /* DitoConstants.h */,
				089FE73D1ACB768400974EAA /* DitoUtils.h */,
				089FE73E1ACB768400974EAA /* DitoUtils.m */,
				089769E51ACD8856006650B8 /* DitoAccount.h */,
				089769E61ACD8856006650B8 /* DitoAccount.m */,
				089769EC1AD2C5E4006650B8 /* DitoReachability.h */,
				089769ED1AD2C5E4006650B8 /* DitoReachability.m */,
				08190E6D1AD555FF00C617A8 /* DitoEnums.h */,
			);
			path = DitoSDK;
			sourceTree = "<group>";
		};
		08D7B80E1ACB19F100E7EEEF /* Supporting Files */ = {
			isa = PBXGroup;
			children = (
				08D7B80F1ACB19F100E7EEEF /* Info.plist */,
			);
			name = "Supporting Files";
			sourceTree = "<group>";
		};
/* End PBXGroup section */

/* Begin PBXHeadersBuildPhase section */
		08D7B8161ACB1AEE00E7EEEF /* Headers */ = {
			isa = PBXHeadersBuildPhase;
			buildActionMask = 2147483647;
			files = (
				08D7B8171ACB1AFB00E7EEEF /* DitoAPI.h in Headers */,
				089FE7371ACB6FE400974EAA /* DitoCredentials.h in Headers */,
				08190E6F1AD555FF00C617A8 /* DitoEnums.h in Headers */,
				089769E71ACD8856006650B8 /* DitoAccount.h in Headers */,
				089FE73B1ACB762500974EAA /* DitoConstants.h in Headers */,
				089FE73F1ACB768400974EAA /* DitoUtils.h in Headers */,
				089769EE1AD2C5E4006650B8 /* DitoReachability.h in Headers */,
			);
			runOnlyForDeploymentPostprocessing = 0;
		};
/* End PBXHeadersBuildPhase section */

/* Begin PBXNativeTarget section */
		08D7B80A1ACB19F100E7EEEF /* DitoSDK */ = {
			isa = PBXNativeTarget;
			buildConfigurationList = 08D7B8101ACB19F100E7EEEF /* Build configuration list for PBXNativeTarget "DitoSDK" */;
			buildPhases = (
				08D7B8071ACB19F100E7EEEF /* Sources */,
				08D7B8081ACB19F100E7EEEF /* Frameworks */,
				08D7B8091ACB19F100E7EEEF /* Resources */,
				08D7B8161ACB1AEE00E7EEEF /* Headers */,
			);
			buildRules = (
			);
			dependencies = (
			);
			name = DitoSDK;
			productName = DitoSDK;
			productReference = 08D7B80B1ACB19F100E7EEEF /* DitoSDK.framework */;
			productType = "com.apple.product-type.bundle";
		};
/* End PBXNativeTarget section */

/* Begin PBXProject section */
		08D7B8011ACB19B000E7EEEF /* Project object */ = {
			isa = PBXProject;
			attributes = {
				LastUpgradeCheck = 0630;
				TargetAttributes = {
					0844C5E31AD44B1D00E74C41 = {
						CreatedOnToolsVersion = 6.2;
					};
					08D7B80A1ACB19F100E7EEEF = {
						CreatedOnToolsVersion = 6.2;
					};
				};
			};
			buildConfigurationList = 08D7B8041ACB19B000E7EEEF /* Build configuration list for PBXProject "DitoSDK" */;
			compatibilityVersion = "Xcode 3.2";
			developmentRegion = English;
			hasScannedForEncodings = 0;
			knownRegions = (
				en,
			);
			mainGroup = 08D7B8001ACB19B000E7EEEF;
			productRefGroup = 08D7B80C1ACB19F100E7EEEF /* Products */;
			projectDirPath = "";
			projectRoot = "";
			targets = (
				08D7B80A1ACB19F100E7EEEF /* DitoSDK */,
				0844C5E31AD44B1D00E74C41 /* DitoSDKFramework */,
			);
		};
/* End PBXProject section */

/* Begin PBXResourcesBuildPhase section */
		08D7B8091ACB19F100E7EEEF /* Resources */ = {
			isa = PBXResourcesBuildPhase;
			buildActionMask = 2147483647;
			files = (
			);
			runOnlyForDeploymentPostprocessing = 0;
		};
/* End PBXResourcesBuildPhase section */

/* Begin PBXShellScriptBuildPhase section */
		0844C5E71AD44B2000E74C41 /* Build Framework */ = {
			isa = PBXShellScriptBuildPhase;
			buildActionMask = 2147483647;
			files = (
			);
			inputPaths = (
			);
			name = "Build Framework";
			outputPaths = (
			);
			runOnlyForDeploymentPostprocessing = 0;
			shellPath = /bin/sh;
			shellScript = "# Sets the target folders and the final framework product.\nFMK_NAME=DitoSDK   # replace with your framework name\nFMK_VERSION=1   # replace with your version\n\n# Install dir will be the final output to the framework.\n# The following line create it in the root folder of the current project.\nINSTALL_DIR=${SRCROOT}/Products/${FMK_NAME}.framework\n\n# Working dir will be deleted after the framework creation.\nWRK_DIR=build\nDEVICE_DIR=${WRK_DIR}/Release-iphoneos/${FMK_NAME}.framework\nSIMULATOR_DIR=${WRK_DIR}/Release-iphonesimulator/${FMK_NAME}.framework\n\n# Building both architectures.\nxcodebuild -configuration \"Release\" -target \"${FMK_NAME}\" -sdk iphoneos\nxcodebuild -configuration \"Release\" -target \"${FMK_NAME}\" -sdk iphonesimulator\n\n# Cleaning the oldest.\nif [ -d \"${INSTALL_DIR}\" ]\nthen\nrm -rf \"${INSTALL_DIR}\"\nfi\n\n# Creates and renews the final product folder.\nmkdir -p \"${INSTALL_DIR}\"\nmkdir -p \"${INSTALL_DIR}/Versions\"\nmkdir -p \"${INSTALL_DIR}/Versions/${FMK_VERSION}\"\nmkdir -p \"${INSTALL_DIR}/Versions/${FMK_VERSION}/Resources\"\nmkdir -p \"${INSTALL_DIR}/Versions/${FMK_VERSION}/Headers\"\n\n# Creates the internal links.\n# It MUST uses relative path, otherwise will not work when the folder is copied/moved.\nln -s \"${FMK_VERSION}\" \"${INSTALL_DIR}/Versions/Current\"\nln -s \"Versions/Current/Headers\" \"${INSTALL_DIR}/Headers\"\nln -s \"Versions/Current/Resources\" \"${INSTALL_DIR}/Resources\"\nln -s \"Versions/Current/${FMK_NAME}\" \"${INSTALL_DIR}/${FMK_NAME}\"\n\n# Copies the headers and resources files to the final product folder.\ncp -R \"${DEVICE_DIR}/Headers/\" \"${INSTALL_DIR}/Versions/${FMK_VERSION}/Headers/\"\ncp -R \"${DEVICE_DIR}/\" \"${INSTALL_DIR}/Versions/${FMK_VERSION}/Resources/\"\n\n# Removes the binary and header from the resources folder.\nrm -r \"${INSTALL_DIR}/Versions/${FMK_VERSION}/Resources/Headers\" \"${INSTALL_DIR}/Versions/${FMK_VERSION}/Resources/${FMK_NAME}\"\n\n# Uses the Lipo Tool to merge both binary files (i386 + armv6/armv7) into one Universal final product.\nlipo -create \"${DEVICE_DIR}/${FMK_NAME}\" \"${SIMULATOR_DIR}/${FMK_NAME}\" -output \"${INSTALL_DIR}/Versions/${FMK_VERSION}/${FMK_NAME}\"\n\nrm -r \"${WRK_DIR}\"";
		};
/* End PBXShellScriptBuildPhase section */

/* Begin PBXSourcesBuildPhase section */
		08D7B8071ACB19F100E7EEEF /* Sources */ = {
			isa = PBXSourcesBuildPhase;
			buildActionMask = 2147483647;
			files = (
				089FE7401ACB768400974EAA /* DitoUtils.m in Sources */,
				089769E81ACD8856006650B8 /* DitoAccount.m in Sources */,
				089769EF1AD2C5E4006650B8 /* DitoReachability.m in Sources */,
				089FE7381ACB6FE400974EAA /* DitoCredentials.m in Sources */,
				08D7B8151ACB1AA300E7EEEF /* DitoAPI.m in Sources */,
			);
			runOnlyForDeploymentPostprocessing = 0;
		};
/* End PBXSourcesBuildPhase section */

/* Begin XCBuildConfiguration section */
		0844C5E51AD44B1D00E74C41 /* Debug */ = {
			isa = XCBuildConfiguration;
			buildSettings = {
				DEAD_CODE_STRIPPING = NO;
				LINK_WITH_STANDARD_LIBRARIES = NO;
				MACH_O_TYPE = mh_object;
				ONLY_ACTIVE_ARCH = NO;
				OTHER_LDFLAGS = "-ObjC";
				PRODUCT_NAME = "$(TARGET_NAME)";
				SDKROOT = iphoneos;
				SUPPORTED_PLATFORMS = "iphonesimulator iphoneos";
				VALID_ARCHS = "armv7s $(ARCHS_STANDARD_32_BIT)";
				WRAPPER_EXTENSION = framework;
			};
			name = Debug;
		};
		0844C5E61AD44B1D00E74C41 /* Release */ = {
			isa = XCBuildConfiguration;
			buildSettings = {
				DEAD_CODE_STRIPPING = NO;
				LINK_WITH_STANDARD_LIBRARIES = NO;
				MACH_O_TYPE = mh_object;
				ONLY_ACTIVE_ARCH = NO;
				OTHER_LDFLAGS = "-ObjC";
				PRODUCT_NAME = "$(TARGET_NAME)";
				SDKROOT = iphoneos;
				SUPPORTED_PLATFORMS = "iphonesimulator iphoneos";
				VALID_ARCHS = "armv7s $(ARCHS_STANDARD_32_BIT)";
				WRAPPER_EXTENSION = framework;
			};
			name = Release;
		};
		08D7B8051ACB19B000E7EEEF /* Debug */ = {
			isa = XCBuildConfiguration;
			buildSettings = {
				ONLY_ACTIVE_ARCH = YES;
			};
			name = Debug;
		};
		08D7B8061ACB19B000E7EEEF /* Release */ = {
			isa = XCBuildConfiguration;
			buildSettings = {
			};
			name = Release;
		};
		08D7B8111ACB19F100E7EEEF /* Debug */ = {
			isa = XCBuildConfiguration;
			buildSettings = {
				ALWAYS_SEARCH_USER_PATHS = NO;
				CLANG_CXX_LANGUAGE_STANDARD = "gnu++0x";
				CLANG_CXX_LIBRARY = "libc++";
				CLANG_ENABLE_MODULES = YES;
				CLANG_ENABLE_OBJC_ARC = YES;
				CLANG_WARN_BOOL_CONVERSION = YES;
				CLANG_WARN_CONSTANT_CONVERSION = YES;
				CLANG_WARN_DIRECT_OBJC_ISA_USAGE = YES_ERROR;
				CLANG_WARN_EMPTY_BODY = YES;
				CLANG_WARN_ENUM_CONVERSION = YES;
				CLANG_WARN_INT_CONVERSION = YES;
				CLANG_WARN_OBJC_ROOT_CLASS = YES_ERROR;
				CLANG_WARN_UNREACHABLE_CODE = YES;
				CLANG_WARN__DUPLICATE_METHOD_MATCH = YES;
				COMBINE_HIDPI_IMAGES = YES;
				COPY_PHASE_STRIP = NO;
				DEAD_CODE_STRIPPING = NO;
				ENABLE_STRICT_OBJC_MSGSEND = YES;
				GCC_C_LANGUAGE_STANDARD = gnu99;
				GCC_DYNAMIC_NO_PIC = NO;
				GCC_OPTIMIZATION_LEVEL = 0;
				GCC_PREPROCESSOR_DEFINITIONS = (
					"DEBUG=1",
					"$(inherited)",
				);
				GCC_SYMBOLS_PRIVATE_EXTERN = NO;
				GCC_WARN_64_TO_32_BIT_CONVERSION = YES;
				GCC_WARN_ABOUT_RETURN_TYPE = YES_ERROR;
				GCC_WARN_UNDECLARED_SELECTOR = YES;
				GCC_WARN_UNINITIALIZED_AUTOS = YES_AGGRESSIVE;
				GCC_WARN_UNUSED_FUNCTION = YES;
				GCC_WARN_UNUSED_VARIABLE = YES;
				INFOPLIST_FILE = DitoSDK/Info.plist;
				INSTALL_PATH = "$(LOCAL_LIBRARY_DIR)/Bundles";
				LIBRARY_SEARCH_PATHS = (
					"$(inherited)",
					"$(SDKROOT)/usr/lib/system",
				);
				LINK_WITH_STANDARD_LIBRARIES = NO;
				MACH_O_TYPE = mh_object;
				MACOSX_DEPLOYMENT_TARGET = 10.10;
				MTL_ENABLE_DEBUG_INFO = YES;
				ONLY_ACTIVE_ARCH = NO;
				OTHER_LDFLAGS = "";
				PRODUCT_NAME = "$(TARGET_NAME)";
				SDKROOT = iphoneos;
				SKIP_INSTALL = YES;
				VALID_ARCHS = "$(ARCHS_STANDARD_32_BIT) armv7s";
				WRAPPER_EXTENSION = framework;
			};
			name = Debug;
		};
		08D7B8121ACB19F100E7EEEF /* Release */ = {
			isa = XCBuildConfiguration;
			buildSettings = {
				ALWAYS_SEARCH_USER_PATHS = NO;
				CLANG_CXX_LANGUAGE_STANDARD = "gnu++0x";
				CLANG_CXX_LIBRARY = "libc++";
				CLANG_ENABLE_MODULES = YES;
				CLANG_ENABLE_OBJC_ARC = YES;
				CLANG_WARN_BOOL_CONVERSION = YES;
				CLANG_WARN_CONSTANT_CONVERSION = YES;
				CLANG_WARN_DIRECT_OBJC_ISA_USAGE = YES_ERROR;
				CLANG_WARN_EMPTY_BODY = YES;
				CLANG_WARN_ENUM_CONVERSION = YES;
				CLANG_WARN_INT_CONVERSION = YES;
				CLANG_WARN_OBJC_ROOT_CLASS = YES_ERROR;
				CLANG_WARN_UNREACHABLE_CODE = YES;
				CLANG_WARN__DUPLICATE_METHOD_MATCH = YES;
				COMBINE_HIDPI_IMAGES = YES;
				COPY_PHASE_STRIP = NO;
				DEAD_CODE_STRIPPING = NO;
				DEBUG_INFORMATION_FORMAT = "dwarf-with-dsym";
				ENABLE_NS_ASSERTIONS = NO;
				ENABLE_STRICT_OBJC_MSGSEND = YES;
				GCC_C_LANGUAGE_STANDARD = gnu99;
				GCC_WARN_64_TO_32_BIT_CONVERSION = YES;
				GCC_WARN_ABOUT_RETURN_TYPE = YES_ERROR;
				GCC_WARN_UNDECLARED_SELECTOR = YES;
				GCC_WARN_UNINITIALIZED_AUTOS = YES_AGGRESSIVE;
				GCC_WARN_UNUSED_FUNCTION = YES;
				GCC_WARN_UNUSED_VARIABLE = YES;
				INFOPLIST_FILE = DitoSDK/Info.plist;
				INSTALL_PATH = "$(LOCAL_LIBRARY_DIR)/Bundles";
				LIBRARY_SEARCH_PATHS = (
					"$(inherited)",
					"$(SDKROOT)/usr/lib/system",
				);
				LINK_WITH_STANDARD_LIBRARIES = NO;
				MACH_O_TYPE = mh_object;
				MACOSX_DEPLOYMENT_TARGET = 10.10;
				MTL_ENABLE_DEBUG_INFO = NO;
				ONLY_ACTIVE_ARCH = NO;
				OTHER_LDFLAGS = "";
				PRODUCT_NAME = "$(TARGET_NAME)";
				SDKROOT = iphoneos;
				SKIP_INSTALL = YES;
				VALID_ARCHS = "$(ARCHS_STANDARD_32_BIT) armv7s";
				WRAPPER_EXTENSION = framework;
			};
			name = Release;
		};
/* End XCBuildConfiguration section */

/* Begin XCConfigurationList section */
		0844C5E41AD44B1D00E74C41 /* Build configuration list for PBXAggregateTarget "DitoSDKFramework" */ = {
			isa = XCConfigurationList;
			buildConfigurations = (
				0844C5E51AD44B1D00E74C41 /* Debug */,
				0844C5E61AD44B1D00E74C41 /* Release */,
			);
			defaultConfigurationIsVisible = 0;
			defaultConfigurationName = Release;
		};
		08D7B8041ACB19B000E7EEEF /* Build configuration list for PBXProject "DitoSDK" */ = {
			isa = XCConfigurationList;
			buildConfigurations = (
				08D7B8051ACB19B000E7EEEF /* Debug */,
				08D7B8061ACB19B000E7EEEF /* Release */,
			);
			defaultConfigurationIsVisible = 0;
			defaultConfigurationName = Release;
		};
		08D7B8101ACB19F100E7EEEF /* Build configuration list for PBXNativeTarget "DitoSDK" */ = {
			isa = XCConfigurationList;
			buildConfigurations = (
				08D7B8111ACB19F100E7EEEF /* Debug */,
				08D7B8121ACB19F100E7EEEF /* Release */,
			);
			defaultConfigurationIsVisible = 0;
			defaultConfigurationName = Release;
		};
/* End XCConfigurationList section */
	};
	rootObject = 08D7B8011ACB19B000E7EEEF /* Project object */;
}
